# This file was autogenerated by Stack.
# You should not edit this file by hand.
# For more information, please see the documentation at:
#   https://docs.haskellstack.org/en/stable/topics/lock_files

packages:
- completed:
    hackage: llvm-ffi-21.0.0.2@sha256:d898d53846373b86a6e34fc2c72cb79cbbe4398bd38e127c69367a933eba6e57,8424
    pantry-tree:
      sha256: ca22842330df9fec2259549942e3047b68bf6c2e5edd547793d418fb0f00c710
      size: 3063
  original:
    hackage: llvm-ffi-21.0.0.2@sha256:d898d53846373b86a6e34fc2c72cb79cbbe4398bd38e127c69367a933eba6e57,8424
snapshots:
- completed:
    sha256: 72cdd5851794184138551f43f0897c28f1a5acdda303b266aa9e910461103b3c
    size: 726784
    url: https://raw.githubusercontent.com/commercialhaskell/stackage-snapshots/master/lts/24/28.yaml
  original:
    url: https://raw.githubusercontent.com/commercialhaskell/stackage-snapshots/master/lts/24/28.yaml
